
Microsoft Visual Studio Solution File, Format Version 12.00
# Visual Studio Version 16
VisualStudioVersion = 16.0.33801.447
MinimumVisualStudioVersion = 10.0.40219.1
Project("{FAE04EC0-301F-11D3-BF4B-00C04F79EFBC}") = "EkzamenSaxanov203", "EkzamenSaxanov203\EkzamenSaxanov203.csproj", "{8B468A14-9C31-4481-95FF-DC7635E6AF07}"
EndProject
Global
	GlobalSection(SolutionConfigurationPlatforms) = preSolution
		Debug|Any CPU = Debug|Any CPU
		Release|Any CPU = Release|Any CPU
	EndGlobalSection
	GlobalSection(ProjectConfigurationPlatforms) = postSolution
		{8B468A14-9C31-4481-95FF-DC7635E6AF07}.Debug|Any CPU.ActiveCfg = Debug|Any CPU
		{8B468A14-9C31-4481-95FF-DC7635E6AF07}.Debug|Any CPU.Build.0 = Debug|Any CPU
		{8B468A14-9C31-4481-95FF-DC7635E6AF07}.Release|Any CPU.ActiveCfg = Release|Any CPU
		{8B468A14-9C31-4481-95FF-DC7635E6AF07}.Release|Any CPU.Build.0 = Release|Any CPU
	EndGlobalSection
	GlobalSection(SolutionProperties) = preSolution
		HideSolutionNode = FALSE
	EndGlobalSection
	GlobalSection(ExtensibilityGlobals) = postSolution
		SolutionGuid = {0446A4AF-999F-453A-BE16-D560A763E6CF}
	EndGlobalSection
EndGlobal
